
Microsoft Visual Studio Solution File, Format Version 12.00
# Visual Studio Version 16
VisualStudioVersion = 16.0.30204.135
MinimumVisualStudioVersion = 10.0.40219.1
Project("{FAE04EC0-301F-11D3-BF4B-00C04F79EFBC}") = "S_Wrong", "S_Wrong\S_Wrong.csproj", "{FA264038-2E65-4358-8C4B-4EE156E99520}"
EndProject
Project("{FAE04EC0-301F-11D3-BF4B-00C04F79EFBC}") = "S_Correct", "S_Correct\S_Correct.csproj", "{FB182620-365F-4682-9D35-DB33A076ABFD}"
EndProject
Project("{FAE04EC0-301F-11D3-BF4B-00C04F79EFBC}") = "O_Wrong", "O_Wrong\O_Wrong.csproj", "{60B6CEF5-3A2F-4CD7-9BEB-DD3BC3EAAA29}"
EndProject
Project("{FAE04EC0-301F-11D3-BF4B-00C04F79EFBC}") = "O_Correct", "O_Correct\O_Correct.csproj", "{428B6C92-6310-41BE-BFCE-E006DD2E61AB}"
EndProject
Project("{FAE04EC0-301F-11D3-BF4B-00C04F79EFBC}") = "L_Wrong", "L_Wrong\L_Wrong.csproj", "{27193F01-BC9B-4B18-BABC-0155EEA331FE}"
EndProject
Project("{FAE04EC0-301F-11D3-BF4B-00C04F79EFBC}") = "L_Correct", "L_Correct\L_Correct.csproj", "{6C77F6A6-4894-4CB5-B739-3DFE2B70811C}"
EndProject
Project("{FAE04EC0-301F-11D3-BF4B-00C04F79EFBC}") = "I_Wrong", "I_Wrong\I_Wrong.csproj", "{C9A18E98-3901-4AB9-8384-FC98749CE036}"
EndProject
Project("{FAE04EC0-301F-11D3-BF4B-00C04F79EFBC}") = "I_Correct", "I_Correct\I_Correct.csproj", "{149EFDCF-D1F3-42D2-A79C-8628C17389C9}"
EndProject
Project("{FAE04EC0-301F-11D3-BF4B-00C04F79EFBC}") = "D_Wrong", "D_Wrong\D_Wrong.csproj", "{346D9472-3AAA-4CF0-9FCF-89F7E45154F6}"
EndProject
Project("{FAE04EC0-301F-11D3-BF4B-00C04F79EFBC}") = "D_Correct", "D_Correct\D_Correct.csproj", "{5CC2CA9B-E37A-4940-A1CA-C7E8EE4DAB27}"
EndProject
Global
	GlobalSection(SolutionConfigurationPlatforms) = preSolution
		Debug|Any CPU = Debug|Any CPU
		Release|Any CPU = Release|Any CPU
	EndGlobalSection
	GlobalSection(ProjectConfigurationPlatforms) = postSolution
		{FA264038-2E65-4358-8C4B-4EE156E99520}.Debug|Any CPU.ActiveCfg = Debug|Any CPU
		{FA264038-2E65-4358-8C4B-4EE156E99520}.Debug|Any CPU.Build.0 = Debug|Any CPU
		{FA264038-2E65-4358-8C4B-4EE156E99520}.Release|Any CPU.ActiveCfg = Release|Any CPU
		{FA264038-2E65-4358-8C4B-4EE156E99520}.Release|Any CPU.Build.0 = Release|Any CPU
		{FB182620-365F-4682-9D35-DB33A076ABFD}.Debug|Any CPU.ActiveCfg = Debug|Any CPU
		{FB182620-365F-4682-9D35-DB33A076ABFD}.Debug|Any CPU.Build.0 = Debug|Any CPU
		{FB182620-365F-4682-9D35-DB33A076ABFD}.Release|Any CPU.ActiveCfg = Release|Any CPU
		{FB182620-365F-4682-9D35-DB33A076ABFD}.Release|Any CPU.Build.0 = Release|Any CPU
		{60B6CEF5-3A2F-4CD7-9BEB-DD3BC3EAAA29}.Debug|Any CPU.ActiveCfg = Debug|Any CPU
		{60B6CEF5-3A2F-4CD7-9BEB-DD3BC3EAAA29}.Debug|Any CPU.Build.0 = Debug|Any CPU
		{60B6CEF5-3A2F-4CD7-9BEB-DD3BC3EAAA29}.Release|Any CPU.ActiveCfg = Release|Any CPU
		{60B6CEF5-3A2F-4CD7-9BEB-DD3BC3EAAA29}.Release|Any CPU.Build.0 = Release|Any CPU
		{428B6C92-6310-41BE-BFCE-E006DD2E61AB}.Debug|Any CPU.ActiveCfg = Debug|Any CPU
		{428B6C92-6310-41BE-BFCE-E006DD2E61AB}.Debug|Any CPU.Build.0 = Debug|Any CPU
		{428B6C92-6310-41BE-BFCE-E006DD2E61AB}.Release|Any CPU.ActiveCfg = Release|Any CPU
		{428B6C92-6310-41BE-BFCE-E006DD2E61AB}.Release|Any CPU.Build.0 = Release|Any CPU
		{27193F01-BC9B-4B18-BABC-0155EEA331FE}.Debug|Any CPU.ActiveCfg = Debug|Any CPU
		{27193F01-BC9B-4B18-BABC-0155EEA331FE}.Debug|Any CPU.Build.0 = Debug|Any CPU
		{27193F01-BC9B-4B18-BABC-0155EEA331FE}.Release|Any CPU.ActiveCfg = Release|Any CPU
		{27193F01-BC9B-4B18-BABC-0155EEA331FE}.Release|Any CPU.Build.0 = Release|Any CPU
		{6C77F6A6-4894-4CB5-B739-3DFE2B70811C}.Debug|Any CPU.ActiveCfg = Debug|Any CPU
		{6C77F6A6-4894-4CB5-B739-3DFE2B70811C}.Debug|Any CPU.Build.0 = Debug|Any CPU
		{6C77F6A6-4894-4CB5-B739-3DFE2B70811C}.Release|Any CPU.ActiveCfg = Release|Any CPU
		{6C77F6A6-4894-4CB5-B739-3DFE2B70811C}.Release|Any CPU.Build.0 = Release|Any CPU
		{C9A18E98-3901-4AB9-8384-FC98749CE036}.Debug|Any CPU.ActiveCfg = Debug|Any CPU
		{C9A18E98-3901-4AB9-8384-FC98749CE036}.Debug|Any CPU.Build.0 = Debug|Any CPU
		{C9A18E98-3901-4AB9-8384-FC98749CE036}.Release|Any CPU.ActiveCfg = Release|Any CPU
		{C9A18E98-3901-4AB9-8384-FC98749CE036}.Release|Any CPU.Build.0 = Release|Any CPU
		{149EFDCF-D1F3-42D2-A79C-8628C17389C9}.Debug|Any CPU.ActiveCfg = Debug|Any CPU
		{149EFDCF-D1F3-42D2-A79C-8628C17389C9}.Debug|Any CPU.Build.0 = Debug|Any CPU
		{149EFDCF-D1F3-42D2-A79C-8628C17389C9}.Release|Any CPU.ActiveCfg = Release|Any CPU
		{149EFDCF-D1F3-42D2-A79C-8628C17389C9}.Release|Any CPU.Build.0 = Release|Any CPU
		{346D9472-3AAA-4CF0-9FCF-89F7E45154F6}.Debug|Any CPU.ActiveCfg = Debug|Any CPU
		{346D9472-3AAA-4CF0-9FCF-89F7E45154F6}.Debug|Any CPU.Build.0 = Debug|Any CPU
		{346D9472-3AAA-4CF0-9FCF-89F7E45154F6}.Release|Any CPU.ActiveCfg = Release|Any CPU
		{346D9472-3AAA-4CF0-9FCF-89F7E45154F6}.Release|Any CPU.Build.0 = Release|Any CPU
		{5CC2CA9B-E37A-4940-A1CA-C7E8EE4DAB27}.Debug|Any CPU.ActiveCfg = Debug|Any CPU
		{5CC2CA9B-E37A-4940-A1CA-C7E8EE4DAB27}.Debug|Any CPU.Build.0 = Debug|Any CPU
		{5CC2CA9B-E37A-4940-A1CA-C7E8EE4DAB27}.Release|Any CPU.ActiveCfg = Release|Any CPU
		{5CC2CA9B-E37A-4940-A1CA-C7E8EE4DAB27}.Release|Any CPU.Build.0 = Release|Any CPU
	EndGlobalSection
	GlobalSection(SolutionProperties) = preSolution
		HideSolutionNode = FALSE
	EndGlobalSection
	GlobalSection(ExtensibilityGlobals) = postSolution
		SolutionGuid = {979B2DA1-FEED-441F-8E0A-3CC5597C6D2D}
	EndGlobalSection
EndGlobal
